
Microsoft Visual Studio Solution File, Format Version 12.00
# Visual Studio Version 17
VisualStudioVersion = 17.5.33516.290
MinimumVisualStudioVersion = 10.0.40219.1
Project("{FAE04EC0-301F-11D3-BF4B-00C04F79EFBC}") = "ConsoleApp64CampusHTMLfromCode", "ConsoleApp64CampusHTMLfromCode.csproj", "{7CAE50B2-2BD5-492D-B0BF-B551A265BBF3}"
EndProject
Global
	GlobalSection(SolutionConfigurationPlatforms) = preSolution
		Debug|Any CPU = Debug|Any CPU
		Release|Any CPU = Release|Any CPU
	EndGlobalSection
	GlobalSection(ProjectConfigurationPlatforms) = postSolution
		{7CAE50B2-2BD5-492D-B0BF-B551A265BBF3}.Debug|Any CPU.ActiveCfg = Debug|Any CPU
		{7CAE50B2-2BD5-492D-B0BF-B551A265BBF3}.Debug|Any CPU.Build.0 = Debug|Any CPU
		{7CAE50B2-2BD5-492D-B0BF-B551A265BBF3}.Release|Any CPU.ActiveCfg = Release|Any CPU
		{7CAE50B2-2BD5-492D-B0BF-B551A265BBF3}.Release|Any CPU.Build.0 = Release|Any CPU
	EndGlobalSection
	GlobalSection(SolutionProperties) = preSolution
		HideSolutionNode = FALSE
	EndGlobalSection
	GlobalSection(ExtensibilityGlobals) = postSolution
		SolutionGuid = {1325CA7B-2B37-47F9-AD1C-523BD42F3617}
	EndGlobalSection
EndGlobal
